PODS:
  - ARTiledImageView (1.2.0):
    - SDWebImage/Core
  - SDWebImage/Core (5.5.2)

DEPENDENCIES:
  - ARTiledImageView (from `ARTiledImageView.podspec`)

SPEC REPOS:
  trunk:
    - SDWebImage

EXTERNAL SOURCES:
  ARTiledImageView:
    :path: ARTiledImageView.podspec

SPEC CHECKSUMS:
  ARTiledImageView: a4ddc9d7246e0816ce6acfe7a9e78a02625c2d94
  SDWebImage: 4d5c027c935438f341ed33dbac53ff9f479922ca

PODFILE CHECKSUM: 11f4a02aa9bad0572bcce70b365c1bf14be3f962

COCOAPODS: 1.8.4
