// !$*UTF8*$!
{
	archiveVersion = 1;
	classes = {
	};
	objectVersion = 46;
	objects = {

/* Begin PBXBuildFile section */
		34B5886323FBADF600444FB7 /* AppDelegate.swift in Sources */ = {isa = PBXBuildFile; fileRef = 34B5886223FBADF600444FB7 /* AppDelegate.swift */; };
		34B5886723FBADF600444FB7 /* ViewController.swift in Sources */ = {isa = PBXBuildFile; fileRef = 34B5886623FBADF600444FB7 /* ViewController.swift */; };
		34B5886A23FBADF600444FB7 /* Main.storyboard in Resources */ = {isa = PBXBuildFile; fileRef = 34B5886823FBADF600444FB7 /* Main.storyboard */; };
		34B5886C23FBADF700444FB7 /* Assets.xcassets in Resources */ = {isa = PBXBuildFile; fileRef = 34B5886B23FBADF700444FB7 /* Assets.xcassets */; };
		34B5886F23FBADF700444FB7 /* LaunchScreen.storyboard in Resources */ = {isa = PBXBuildFile; fileRef = 34B5886D23FBADF700444FB7 /* LaunchScreen.storyboard */; };
		34B5887523FBB06A00444FB7 /* Tiles in Resources */ = {isa = PBXBuildFile; fileRef = 34B5887423FBB06A00444FB7 /* Tiles */; };
		E60141A65117ABA571320D58 /* Pods_Demo.framework in Frameworks */ = {isa = PBXBuildFile; fileRef = 45C2FF79945A072B3EFF39DB /* Pods_Demo.framework */; };
/* End PBXBuildFile section */

/* Begin PBXFileReference section */
		34B5886023FBADF600444FB7 /* Demo.app */ = {isa = PBXFileReference; explicitFileType = wrapper.application; includeInIndex = 0; path = Demo.app; sourceTree = BUILT_PRODUCTS_DIR; };
		34B5886223FBADF600444FB7 /* AppDelegate.swift */ = {isa = PBXFileReference; lastKnownFileType = sourcecode.swift; path = AppDelegate.swift; sourceTree = "<group>"; };
		34B5886623FBADF600444FB7 /* ViewController.swift */ = {isa = PBXFileReference; lastKnownFileType = sourcecode.swift; path = ViewController.swift; sourceTree = "<group>"; };
		34B5886923FBADF600444FB7 /* Base */ = {isa = PBXFileReference; lastKnownFileType = file.storyboard; name = Base; path = Base.lproj/Main.storyboard; sourceTree = "<group>"; };
		34B5886B23FBADF700444FB7 /* Assets.xcassets */ = {isa = PBXFileReference; lastKnownFileType = folder.assetcatalog; path = Assets.xcassets; sourceTree = "<group>"; };
		34B5886E23FBADF700444FB7 /* Base */ = {isa = PBXFileReference; lastKnownFileType = file.storyboard; name = Base; path = Base.lproj/LaunchScreen.storyboard; sourceTree = "<group>"; };
		34B5887023FBADF700444FB7 /* Info.plist */ = {isa = PBXFileReference; lastKnownFileType = text.plist.xml; path = Info.plist; sourceTree = "<group>"; };
		34B5887423FBB06A00444FB7 /* Tiles */ = {isa = PBXFileReference; lastKnownFileType = folder; path = Tiles; sourceTree = "<group>"; };
		35AFC96D9B98DC98464AEDED /* Pods-IntegrationTests.release.xcconfig */ = {isa = PBXFileReference; includeInIndex = 1; lastKnownFileType = text.xcconfig; name = "Pods-IntegrationTests.release.xcconfig"; path = "Target Support Files/Pods-IntegrationTests/Pods-IntegrationTests.release.xcconfig"; sourceTree = "<group>"; };
		3CB0E6D618C8B9E2009CE8DB /* Foundation.framework */ = {isa = PBXFileReference; lastKnownFileType = wrapper.framework; name = Foundation.framework; path = System/Library/Frameworks/Foundation.framework; sourceTree = SDKROOT; };
		3CB0E6D818C8B9E2009CE8DB /* CoreGraphics.framework */ = {isa = PBXFileReference; lastKnownFileType = wrapper.framework; name = CoreGraphics.framework; path = System/Library/Frameworks/CoreGraphics.framework; sourceTree = SDKROOT; };
		3CB0E6DA18C8B9E2009CE8DB /* UIKit.framework */ = {isa = PBXFileReference; lastKnownFileType = wrapper.framework; name = UIKit.framework; path = System/Library/Frameworks/UIKit.framework; sourceTree = SDKROOT; };
		3CB0E6F518C8B9E2009CE8DB /* XCTest.framework */ = {isa = PBXFileReference; lastKnownFileType = wrapper.framework; name = XCTest.framework; path = Library/Frameworks/XCTest.framework; sourceTree = DEVELOPER_DIR; };
		3CB0E6FD18C8B9E3009CE8DB /* IntegrationTests-Info.plist */ = {isa = PBXFileReference; lastKnownFileType = text.plist.xml; path = "IntegrationTests-Info.plist"; sourceTree = "<group>"; };
		3CB0E6FF18C8B9E3009CE8DB /* en */ = {isa = PBXFileReference; lastKnownFileType = text.plist.strings; name = en; path = en.lproj/InfoPlist.strings; sourceTree = "<group>"; };
		3CB0E72B18C8BD61009CE8DB /* IntegrationTests-Prefix.pch */ = {isa = PBXFileReference; fileEncoding = 4; lastKnownFileType = sourcecode.c.h; path = "IntegrationTests-Prefix.pch"; sourceTree = "<group>"; };
		3CB8E36318D4DEA40023AB71 /* ARMasterViewControllerTests.m */ = {isa = PBXFileReference; fileEncoding = 4; lastKnownFileType = sourcecode.c.objc; path = ARMasterViewControllerTests.m; sourceTree = "<group>"; };
		3CB8E36418D4DEA40023AB71 /* ARTiledImageViewControllerTests.m */ = {isa = PBXFileReference; fileEncoding = 4; lastKnownFileType = sourcecode.c.objc; path = ARTiledImageViewControllerTests.m; sourceTree = "<group>"; };
		3CB8E36518D4DEA40023AB71 /* ARWebTiledImageDataSourceTests.m */ = {isa = PBXFileReference; fileEncoding = 4; lastKnownFileType = sourcecode.c.objc; path = ARWebTiledImageDataSourceTests.m; sourceTree = "<group>"; };
		3CB8E5C018D629C00023AB71 /* ARLocalTiledImageDataSourceTests.m */ = {isa = PBXFileReference; fileEncoding = 4; lastKnownFileType = sourcecode.c.objc; path = ARLocalTiledImageDataSourceTests.m; sourceTree = "<group>"; };
		3CBB03A9192BD83800689F89 /* CHANGELOG.md */ = {isa = PBXFileReference; fileEncoding = 4; lastKnownFileType = text; path = CHANGELOG.md; sourceTree = "<group>"; };
		3CBB03AA192BD83800689F89 /* CONTRIBUTING.md */ = {isa = PBXFileReference; fileEncoding = 4; lastKnownFileType = text; path = CONTRIBUTING.md; sourceTree = "<group>"; };
		3CBB03AB192BD83800689F89 /* Gemfile */ = {isa = PBXFileReference; fileEncoding = 4; lastKnownFileType = text; path = Gemfile; sourceTree = "<group>"; };
		3CBB03AC192BD83800689F89 /* LICENSE */ = {isa = PBXFileReference; fileEncoding = 4; lastKnownFileType = text; path = LICENSE; sourceTree = "<group>"; };
		3CBB03AD192BD83800689F89 /* Podfile */ = {isa = PBXFileReference; fileEncoding = 4; lastKnownFileType = text; path = Podfile; sourceTree = "<group>"; xcLanguageSpecificationIdentifier = xcode.lang.ruby; };
		3CBB03AE192BD83800689F89 /* README.md */ = {isa = PBXFileReference; fileEncoding = 4; lastKnownFileType = text; path = README.md; sourceTree = "<group>"; };
		45C2FF79945A072B3EFF39DB /* Pods_Demo.framework */ = {isa = PBXFileReference; explicitFileType = wrapper.framework; includeInIndex = 0; path = Pods_Demo.framework; sourceTree = BUILT_PRODUCTS_DIR; };
		5EA9D66B199CBFF5008CF9C7 /* ARTiledImageViewTests.m */ = {isa = PBXFileReference; fileEncoding = 4; lastKnownFileType = sourcecode.c.objc; path = ARTiledImageViewTests.m; sourceTree = "<group>"; };
		6045F8510617FF41DDDCB90A /* Pods-Demo.release.xcconfig */ = {isa = PBXFileReference; includeInIndex = 1; lastKnownFileType = text.xcconfig; name = "Pods-Demo.release.xcconfig"; path = "Target Support Files/Pods-Demo/Pods-Demo.release.xcconfig"; sourceTree = "<group>"; };
		60893D64196EABB0009C23E8 /* ARTiledImageView.podspec */ = {isa = PBXFileReference; lastKnownFileType = text; path = ARTiledImageView.podspec; sourceTree = "<group>"; xcLanguageSpecificationIdentifier = xcode.lang.ruby; };
		60893D65196EDFD3009C23E8 /* ARTiledImageScrollViewSpec.m */ = {isa = PBXFileReference; fileEncoding = 4; lastKnownFileType = sourcecode.c.objc; path = ARTiledImageScrollViewSpec.m; sourceTree = "<group>"; };
		9DFB91B06AB88920EE4914D6 /* Pods-Demo.debug.xcconfig */ = {isa = PBXFileReference; includeInIndex = 1; lastKnownFileType = text.xcconfig; name = "Pods-Demo.debug.xcconfig"; path = "Target Support Files/Pods-Demo/Pods-Demo.debug.xcconfig"; sourceTree = "<group>"; };
		A682075DC78EA1F60DB02AA8 /* Pods_IntegrationTests.framework */ = {isa = PBXFileReference; explicitFileType = wrapper.framework; includeInIndex = 0; path = Pods_IntegrationTests.framework; sourceTree = BUILT_PRODUCTS_DIR; };
		BBA5800D1AF0D87B4D730E59 /* Pods-IntegrationTests.debug.xcconfig */ = {isa = PBXFileReference; includeInIndex = 1; lastKnownFileType = text.xcconfig; name = "Pods-IntegrationTests.debug.xcconfig"; path = "Target Support Files/Pods-IntegrationTests/Pods-IntegrationTests.debug.xcconfig"; sourceTree = "<group>"; };
/* End PBXFileReference section */

/* Begin PBXFrameworksBuildPhase section */
		34B5885D23FBADF600444FB7 /* Frameworks */ = {
			isa = PBXFrameworksBuildPhase;
			buildActionMask = 2147483647;
			files = (
				E60141A65117ABA571320D58 /* Pods_Demo.framework in Frameworks */,
			);
			runOnlyForDeploymentPostprocessing = 0;
		};
/* End PBXFrameworksBuildPhase section */

/* Begin PBXGroup section */
		34B5886123FBADF600444FB7 /* Demo */ = {
			isa = PBXGroup;
			children = (
				34B5887423FBB06A00444FB7 /* Tiles */,
				34B5886223FBADF600444FB7 /* AppDelegate.swift */,
				34B5886623FBADF600444FB7 /* ViewController.swift */,
				34B5886823FBADF600444FB7 /* Main.storyboard */,
				34B5886B23FBADF700444FB7 /* Assets.xcassets */,
				34B5886D23FBADF700444FB7 /* LaunchScreen.storyboard */,
				34B5887023FBADF700444FB7 /* Info.plist */,
			);
			path = Demo;
			sourceTree = "<group>";
		};
		3CB0E6CA18C8B9E2009CE8DB = {
			isa = PBXGroup;
			children = (
				3CB0E6FB18C8B9E3009CE8DB /* IntegrationTests */,
				34B5886123FBADF600444FB7 /* Demo */,
				3CB0E6D518C8B9E2009CE8DB /* Frameworks */,
				3CB0E6D418C8B9E2009CE8DB /* Products */,
				3CBB03A9192BD83800689F89 /* CHANGELOG.md */,
				3CBB03AA192BD83800689F89 /* CONTRIBUTING.md */,
				3CBB03AB192BD83800689F89 /* Gemfile */,
				3CBB03AC192BD83800689F89 /* LICENSE */,
				3CBB03AD192BD83800689F89 /* Podfile */,
				3CBB03AE192BD83800689F89 /* README.md */,
				60893D64196EABB0009C23E8 /* ARTiledImageView.podspec */,
				FA633FF04F2221A3B0C8D7E7 /* Pods */,
			);
			sourceTree = "<group>";
		};
		3CB0E6D418C8B9E2009CE8DB /* Products */ = {
			isa = PBXGroup;
			children = (
				34B5886023FBADF600444FB7 /* Demo.app */,
			);
			name = Products;
			sourceTree = "<group>";
		};
		3CB0E6D518C8B9E2009CE8DB /* Frameworks */ = {
			isa = PBXGroup;
			children = (
				3CB0E6D618C8B9E2009CE8DB /* Foundation.framework */,
				3CB0E6D818C8B9E2009CE8DB /* CoreGraphics.framework */,
				3CB0E6DA18C8B9E2009CE8DB /* UIKit.framework */,
				3CB0E6F518C8B9E2009CE8DB /* XCTest.framework */,
				A682075DC78EA1F60DB02AA8 /* Pods_IntegrationTests.framework */,
				45C2FF79945A072B3EFF39DB /* Pods_Demo.framework */,
			);
			name = Frameworks;
			sourceTree = "<group>";
		};
		3CB0E6FB18C8B9E3009CE8DB /* IntegrationTests */ = {
			isa = PBXGroup;
			children = (
				3CB8E36318D4DEA40023AB71 /* ARMasterViewControllerTests.m */,
				3CB8E36418D4DEA40023AB71 /* ARTiledImageViewControllerTests.m */,
				3CB8E36518D4DEA40023AB71 /* ARWebTiledImageDataSourceTests.m */,
				3CB0E6FC18C8B9E3009CE8DB /* Supporting Files */,
				3CB8E5C018D629C00023AB71 /* ARLocalTiledImageDataSourceTests.m */,
				60893D65196EDFD3009C23E8 /* ARTiledImageScrollViewSpec.m */,
				5EA9D66B199CBFF5008CF9C7 /* ARTiledImageViewTests.m */,
			);
			path = IntegrationTests;
			sourceTree = "<group>";
		};
		3CB0E6FC18C8B9E3009CE8DB /* Supporting Files */ = {
			isa = PBXGroup;
			children = (
				3CB0E72B18C8BD61009CE8DB /* IntegrationTests-Prefix.pch */,
				3CB0E6FD18C8B9E3009CE8DB /* IntegrationTests-Info.plist */,
				3CB0E6FE18C8B9E3009CE8DB /* InfoPlist.strings */,
			);
			name = "Supporting Files";
			sourceTree = "<group>";
		};
		FA633FF04F2221A3B0C8D7E7 /* Pods */ = {
			isa = PBXGroup;
			children = (
				BBA5800D1AF0D87B4D730E59 /* Pods-IntegrationTests.debug.xcconfig */,
				35AFC96D9B98DC98464AEDED /* Pods-IntegrationTests.release.xcconfig */,
				9DFB91B06AB88920EE4914D6 /* Pods-Demo.debug.xcconfig */,
				6045F8510617FF41DDDCB90A /* Pods-Demo.release.xcconfig */,
			);
			path = Pods;
			sourceTree = "<group>";
		};
/* End PBXGroup section */

/* Begin PBXNativeTarget section */
		34B5885F23FBADF600444FB7 /* Demo */ = {
			isa = PBXNativeTarget;
			buildConfigurationList = 34B5887123FBADF700444FB7 /* Build configuration list for PBXNativeTarget "Demo" */;
			buildPhases = (
				6E17D1EDB456758769501F58 /* [CP] Check Pods Manifest.lock */,
				34B5885C23FBADF600444FB7 /* Sources */,
				34B5885D23FBADF600444FB7 /* Frameworks */,
				34B5885E23FBADF600444FB7 /* Resources */,
				DDF4DAF93C8FF7400A76EB83 /* [CP] Embed Pods Frameworks */,
			);
			buildRules = (
			);
			dependencies = (
			);
			name = Demo;
			productName = Demo;
			productReference = 34B5886023FBADF600444FB7 /* Demo.app */;
			productType = "com.apple.product-type.application";
		};
/* End PBXNativeTarget section */

/* Begin PBXProject section */
		3CB0E6CB18C8B9E2009CE8DB /* Project object */ = {
			isa = PBXProject;
			attributes = {
				CLASSPREFIX = NA;
				LastSwiftUpdateCheck = 1130;
				LastUpgradeCheck = 1130;
				ORGANIZATIONNAME = Artsy;
				TargetAttributes = {
					34B5885F23FBADF600444FB7 = {
						CreatedOnToolsVersion = 11.3.1;
						DevelopmentTeam = 6K6L8PPRXL;
						ProvisioningStyle = Automatic;
					};
				};
			};
			buildConfigurationList = 3CB0E6CE18C8B9E2009CE8DB /* Build configuration list for PBXProject "Demo" */;
			compatibilityVersion = "Xcode 3.2";
			developmentRegion = English;
			hasScannedForEncodings = 0;
			knownRegions = (
				English,
				en,
				Base,
			);
			mainGroup = 3CB0E6CA18C8B9E2009CE8DB;
			productRefGroup = 3CB0E6D418C8B9E2009CE8DB /* Products */;
			projectDirPath = "";
			projectRoot = "";
			targets = (
				34B5885F23FBADF600444FB7 /* Demo */,
			);
		};
/* End PBXProject section */

/* Begin PBXResourcesBuildPhase section */
		34B5885E23FBADF600444FB7 /* Resources */ = {
			isa = PBXResourcesBuildPhase;
			buildActionMask = 2147483647;
			files = (
				34B5886F23FBADF700444FB7 /* LaunchScreen.storyboard in Resources */,
				34B5886C23FBADF700444FB7 /* Assets.xcassets in Resources */,
				34B5887523FBB06A00444FB7 /* Tiles in Resources */,
				34B5886A23FBADF600444FB7 /* Main.storyboard in Resources */,
			);
			runOnlyForDeploymentPostprocessing = 0;
		};
/* End PBXResourcesBuildPhase section */

/* Begin PBXShellScriptBuildPhase section */
		6E17D1EDB456758769501F58 /* [CP] Check Pods Manifest.lock */ = {
			isa = PBXShellScriptBuildPhase;
			buildActionMask = 2147483647;
			files = (
			);
			inputFileListPaths = (
			);
			inputPaths = (
				"${PODS_PODFILE_DIR_PATH}/Podfile.lock",
				"${PODS_ROOT}/Manifest.lock",
			);
			name = "[CP] Check Pods Manifest.lock";
			outputFileListPaths = (
			);
			outputPaths = (
				"$(DERIVED_FILE_DIR)/Pods-Demo-checkManifestLockResult.txt",
			);
			runOnlyForDeploymentPostprocessing = 0;
			shellPath = /bin/sh;
			shellScript = "diff \"${PODS_PODFILE_DIR_PATH}/Podfile.lock\" \"${PODS_ROOT}/Manifest.lock\" > /dev/null\nif [ $? != 0 ] ; then\n    # print error to STDERR\n    echo \"error: The sandbox is not in sync with the Podfile.lock. Run 'pod install' or update your CocoaPods installation.\" >&2\n    exit 1\nfi\n# This output is used by Xcode 'outputs' to avoid re-running this script phase.\necho \"SUCCESS\" > \"${SCRIPT_OUTPUT_FILE_0}\"\n";
			showEnvVarsInLog = 0;
		};
		DDF4DAF93C8FF7400A76EB83 /* [CP] Embed Pods Frameworks */ = {
			isa = PBXShellScriptBuildPhase;
			buildActionMask = 2147483647;
			files = (
			);
			inputPaths = (
				"${PODS_ROOT}/Target Support Files/Pods-Demo/Pods-Demo-frameworks.sh",
				"${BUILT_PRODUCTS_DIR}/ARTiledImageView/ARTiledImageView.framework",
				"${BUILT_PRODUCTS_DIR}/SDWebImage/SDWebImage.framework",
			);
			name = "[CP] Embed Pods Frameworks";
			outputPaths = (
				"${TARGET_BUILD_DIR}/${FRAMEWORKS_FOLDER_PATH}/ARTiledImageView.framework",
				"${TARGET_BUILD_DIR}/${FRAMEWORKS_FOLDER_PATH}/SDWebImage.framework",
			);
			runOnlyForDeploymentPostprocessing = 0;
			shellPath = /bin/sh;
			shellScript = "\"${PODS_ROOT}/Target Support Files/Pods-Demo/Pods-Demo-frameworks.sh\"\n";
			showEnvVarsInLog = 0;
		};
/* End PBXShellScriptBuildPhase section */

/* Begin PBXSourcesBuildPhase section */
		34B5885C23FBADF600444FB7 /* Sources */ = {
			isa = PBXSourcesBuildPhase;
			buildActionMask = 2147483647;
			files = (
				34B5886723FBADF600444FB7 /* ViewController.swift in Sources */,
				34B5886323FBADF600444FB7 /* AppDelegate.swift in Sources */,
			);
			runOnlyForDeploymentPostprocessing = 0;
		};
/* End PBXSourcesBuildPhase section */

/* Begin PBXVariantGroup section */
		34B5886823FBADF600444FB7 /* Main.storyboard */ = {
			isa = PBXVariantGroup;
			children = (
				34B5886923FBADF600444FB7 /* Base */,
			);
			name = Main.storyboard;
			sourceTree = "<group>";
		};
		34B5886D23FBADF700444FB7 /* LaunchScreen.storyboard */ = {
			isa = PBXVariantGroup;
			children = (
				34B5886E23FBADF700444FB7 /* Base */,
			);
			name = LaunchScreen.storyboard;
			sourceTree = "<group>";
		};
		3CB0E6FE18C8B9E3009CE8DB /* InfoPlist.strings */ = {
			isa = PBXVariantGroup;
			children = (
				3CB0E6FF18C8B9E3009CE8DB /* en */,
			);
			name = InfoPlist.strings;
			sourceTree = "<group>";
		};
/* End PBXVariantGroup section */

/* Begin XCBuildConfiguration section */
		34B5887223FBADF700444FB7 /* Debug */ = {
			isa = XCBuildConfiguration;
			baseConfigurationReference = 9DFB91B06AB88920EE4914D6 /* Pods-Demo.debug.xcconfig */;
			buildSettings = {
				ASSETCATALOG_COMPILER_APPICON_NAME = AppIcon;
				CLANG_ANALYZER_NONNULL = YES;
				CLANG_ANALYZER_NUMBER_OBJECT_CONVERSION = YES_AGGRESSIVE;
				CLANG_CXX_LANGUAGE_STANDARD = "gnu++14";
				CLANG_ENABLE_OBJC_WEAK = YES;
				CLANG_WARN_DOCUMENTATION_COMMENTS = YES;
				CLANG_WARN_UNGUARDED_AVAILABILITY = YES_AGGRESSIVE;
				CODE_SIGN_STYLE = Automatic;
				DEBUG_INFORMATION_FORMAT = dwarf;
				DEVELOPMENT_TEAM = 6K6L8PPRXL;
				GCC_C_LANGUAGE_STANDARD = gnu11;
				GCC_WARN_UNINITIALIZED_AUTOS = YES_AGGRESSIVE;
				INFOPLIST_FILE = Demo/Info.plist;
				IPHONEOS_DEPLOYMENT_TARGET = 10.0;
				LD_RUNPATH_SEARCH_PATHS = "$(inherited) @executable_path/Frameworks";
				MTL_ENABLE_DEBUG_INFO = INCLUDE_SOURCE;
				MTL_FAST_MATH = YES;
				PRODUCT_BUNDLE_IDENTIFIER = nghi.Demo;
				PRODUCT_NAME = "$(TARGET_NAME)";
				SWIFT_ACTIVE_COMPILATION_CONDITIONS = DEBUG;
				SWIFT_OPTIMIZATION_LEVEL = "-Onone";
				SWIFT_VERSION = 5.0;
				TARGETED_DEVICE_FAMILY = "1,2";
			};
			name = Debug;
		};
		34B5887323FBADF700444FB7 /* Release */ = {
			isa = XCBuildConfiguration;
			baseConfigurationReference = 6045F8510617FF41DDDCB90A /* Pods-Demo.release.xcconfig */;
			buildSettings = {
				ASSETCATALOG_COMPILER_APPICON_NAME = AppIcon;
				CLANG_ANALYZER_NONNULL = YES;
				CLANG_ANALYZER_NUMBER_OBJECT_CONVERSION = YES_AGGRESSIVE;
				CLANG_CXX_LANGUAGE_STANDARD = "gnu++14";
				CLANG_ENABLE_OBJC_WEAK = YES;
				CLANG_WARN_DOCUMENTATION_COMMENTS = YES;
				CLANG_WARN_UNGUARDED_AVAILABILITY = YES_AGGRESSIVE;
				CODE_SIGN_STYLE = Automatic;
				COPY_PHASE_STRIP = NO;
				DEBUG_INFORMATION_FORMAT = "dwarf-with-dsym";
				DEVELOPMENT_TEAM = 6K6L8PPRXL;
				GCC_C_LANGUAGE_STANDARD = gnu11;
				GCC_WARN_UNINITIALIZED_AUTOS = YES_AGGRESSIVE;
				INFOPLIST_FILE = Demo/Info.plist;
				IPHONEOS_DEPLOYMENT_TARGET = 10.0;
				LD_RUNPATH_SEARCH_PATHS = "$(inherited) @executable_path/Frameworks";
				MTL_ENABLE_DEBUG_INFO = NO;
				MTL_FAST_MATH = YES;
				PRODUCT_BUNDLE_IDENTIFIER = nghi.Demo;
				PRODUCT_NAME = "$(TARGET_NAME)";
				SWIFT_OPTIMIZATION_LEVEL = "-Owholemodule";
				SWIFT_VERSION = 5.0;
				TARGETED_DEVICE_FAMILY = "1,2";
			};
			name = Release;
		};
		3CB0E70318C8B9E3009CE8DB /* Debug */ = {
			isa = XCBuildConfiguration;
			buildSettings = {
				ALWAYS_SEARCH_USER_PATHS = NO;
				CLANG_ANALYZER_LOCALIZABILITY_NONLOCALIZED = YES;
				CLANG_CXX_LANGUAGE_STANDARD = "gnu++0x";
				CLANG_CXX_LIBRARY = "libc++";
				CLANG_ENABLE_MODULES = YES;
				CLANG_ENABLE_OBJC_ARC = YES;
				CLANG_WARN_BLOCK_CAPTURE_AUTORELEASING = YES;
				CLANG_WARN_BOOL_CONVERSION = YES;
				CLANG_WARN_COMMA = YES;
				CLANG_WARN_CONSTANT_CONVERSION = YES;
				CLANG_WARN_DEPRECATED_OBJC_IMPLEMENTATIONS = YES;
				CLANG_WARN_DIRECT_OBJC_ISA_USAGE = YES_ERROR;
				CLANG_WARN_EMPTY_BODY = YES;
				CLANG_WARN_ENUM_CONVERSION = YES;
				CLANG_WARN_INFINITE_RECURSION = YES;
				CLANG_WARN_INT_CONVERSION = YES;
				CLANG_WARN_NON_LITERAL_NULL_CONVERSION = YES;
				CLANG_WARN_OBJC_IMPLICIT_RETAIN_SELF = YES;
				CLANG_WARN_OBJC_LITERAL_CONVERSION = YES;
				CLANG_WARN_OBJC_ROOT_CLASS = YES_ERROR;
				CLANG_WARN_RANGE_LOOP_ANALYSIS = YES;
				CLANG_WARN_STRICT_PROTOTYPES = YES;
				CLANG_WARN_SUSPICIOUS_MOVE = YES;
				CLANG_WARN_UNREACHABLE_CODE = YES;
				CLANG_WARN__DUPLICATE_METHOD_MATCH = YES;
				"CODE_SIGN_IDENTITY[sdk=iphoneos*]" = "iPhone Developer";
				COPY_PHASE_STRIP = NO;
				ENABLE_STRICT_OBJC_MSGSEND = YES;
				ENABLE_TESTABILITY = YES;
				GCC_C_LANGUAGE_STANDARD = gnu99;
				GCC_DYNAMIC_NO_PIC = NO;
				GCC_NO_COMMON_BLOCKS = YES;
				GCC_OPTIMIZATION_LEVEL = 0;
				GCC_PREPROCESSOR_DEFINITIONS = (
					"DEBUG=1",
					"$(inherited)",
				);
				GCC_SYMBOLS_PRIVATE_EXTERN = NO;
				GCC_WARN_64_TO_32_BIT_CONVERSION = YES;
				GCC_WARN_ABOUT_RETURN_TYPE = YES_ERROR;
				GCC_WARN_UNDECLARED_SELECTOR = YES;
				GCC_WARN_UNINITIALIZED_AUTOS = YES;
				GCC_WARN_UNUSED_FUNCTION = YES;
				GCC_WARN_UNUSED_VARIABLE = YES;
				IPHONEOS_DEPLOYMENT_TARGET = 13.2;
				ONLY_ACTIVE_ARCH = YES;
				SDKROOT = iphoneos;
			};
			name = Debug;
		};
		3CB0E70418C8B9E3009CE8DB /* Release */ = {
			isa = XCBuildConfiguration;
			buildSettings = {
				ALWAYS_SEARCH_USER_PATHS = NO;
				CLANG_ANALYZER_LOCALIZABILITY_NONLOCALIZED = YES;
				CLANG_CXX_LANGUAGE_STANDARD = "gnu++0x";
				CLANG_CXX_LIBRARY = "libc++";
				CLANG_ENABLE_MODULES = YES;
				CLANG_ENABLE_OBJC_ARC = YES;
				CLANG_WARN_BLOCK_CAPTURE_AUTORELEASING = YES;
				CLANG_WARN_BOOL_CONVERSION = YES;
				CLANG_WARN_COMMA = YES;
				CLANG_WARN_CONSTANT_CONVERSION = YES;
				CLANG_WARN_DEPRECATED_OBJC_IMPLEMENTATIONS = YES;
				CLANG_WARN_DIRECT_OBJC_ISA_USAGE = YES_ERROR;
				CLANG_WARN_EMPTY_BODY = YES;
				CLANG_WARN_ENUM_CONVERSION = YES;
				CLANG_WARN_INFINITE_RECURSION = YES;
				CLANG_WARN_INT_CONVERSION = YES;
				CLANG_WARN_NON_LITERAL_NULL_CONVERSION = YES;
				CLANG_WARN_OBJC_IMPLICIT_RETAIN_SELF = YES;
				CLANG_WARN_OBJC_LITERAL_CONVERSION = YES;
				CLANG_WARN_OBJC_ROOT_CLASS = YES_ERROR;
				CLANG_WARN_RANGE_LOOP_ANALYSIS = YES;
				CLANG_WARN_STRICT_PROTOTYPES = YES;
				CLANG_WARN_SUSPICIOUS_MOVE = YES;
				CLANG_WARN_UNREACHABLE_CODE = YES;
				CLANG_WARN__DUPLICATE_METHOD_MATCH = YES;
				"CODE_SIGN_IDENTITY[sdk=iphoneos*]" = "iPhone Developer";
				COPY_PHASE_STRIP = YES;
				ENABLE_NS_ASSERTIONS = NO;
				ENABLE_STRICT_OBJC_MSGSEND = YES;
				GCC_C_LANGUAGE_STANDARD = gnu99;
				GCC_NO_COMMON_BLOCKS = YES;
				GCC_WARN_64_TO_32_BIT_CONVERSION = YES;
				GCC_WARN_ABOUT_RETURN_TYPE = YES_ERROR;
				GCC_WARN_UNDECLARED_SELECTOR = YES;
				GCC_WARN_UNINITIALIZED_AUTOS = YES;
				GCC_WARN_UNUSED_FUNCTION = YES;
				GCC_WARN_UNUSED_VARIABLE = YES;
				IPHONEOS_DEPLOYMENT_TARGET = 13.2;
				SDKROOT = iphoneos;
				VALIDATE_PRODUCT = YES;
			};
			name = Release;
		};
/* End XCBuildConfiguration section */

/* Begin XCConfigurationList section */
		34B5887123FBADF700444FB7 /* Build configuration list for PBXNativeTarget "Demo" */ = {
			isa = XCConfigurationList;
			buildConfigurations = (
				34B5887223FBADF700444FB7 /* Debug */,
				34B5887323FBADF700444FB7 /* Release */,
			);
			defaultConfigurationIsVisible = 0;
			defaultConfigurationName = Release;
		};
		3CB0E6CE18C8B9E2009CE8DB /* Build configuration list for PBXProject "Demo" */ = {
			isa = XCConfigurationList;
			buildConfigurations = (
				3CB0E70318C8B9E3009CE8DB /* Debug */,
				3CB0E70418C8B9E3009CE8DB /* Release */,
			);
			defaultConfigurationIsVisible = 0;
			defaultConfigurationName = Release;
		};
/* End XCConfigurationList section */
	};
	rootObject = 3CB0E6CB18C8B9E2009CE8DB /* Project object */;
}
